<?xml version="1.0" encoding="utf-8"?>
<Project ToolsVersion="4.0" xmlns="http://schemas.microsoft.com/developer/msbuild/2003">
  <ItemGroup>
    <Filter Include="Game">
      <UniqueIdentifier>{55df6a39-e263-4d7c-9fe7-cfeb901d325b}</UniqueIdentifier>
    </Filter>
    <Filter Include="Engine">
      <UniqueIdentifier>{1d0121ab-2db7-4924-813e-f2242cca3d8e}</UniqueIdentifier>
    </Filter>
    <Filter Include="Engine\Components">
      <UniqueIdentifier>{da45da7d-01d3-4914-be25-1b4c2fd2926b}</UniqueIdentifier>
    </Filter>
    <Filter Include="Engine\Graphics">
      <UniqueIdentifier>{61de2d26-cf29-4a0c-9b9e-c24cca4e18de}</UniqueIdentifier>
    </Filter>
    <Filter Include="Engine\Maths">
      <UniqueIdentifier>{a8954f52-57e9-4863-9c5e-0508ae694a5c}</UniqueIdentifier>
    </Filter>
    <Filter Include="Engine\Shaders">
      <UniqueIdentifier>{c31e4730-f255-4cf2-a9b2-47c999c49e41}</UniqueIdentifier>
    </Filter>
    <Filter Include="Engine\Meshes">
      <UniqueIdentifier>{160ac620-9b8c-4ed3-8dee-b8b1a066fe7e}</UniqueIdentifier>
    </Filter>
    <Filter Include="Engine\Utils">
      <UniqueIdentifier>{36913ef0-a8f6-47b8-ae45-ef4af0e5722e}</UniqueIdentifier>
    </Filter>
    <Filter Include="Engine\Prefabs">
      <UniqueIdentifier>{fbd5611e-6fa4-4598-acbe-5ffdc0af382d}</UniqueIdentifier>
    </Filter>
    <Filter Include="Engine\Prefabs\Geometry">
      <UniqueIdentifier>{33567c3d-061a-4e4c-aab6-79c29cf4154f}</UniqueIdentifier>
    </Filter>
    <Filter Include="Engine\Prefabs\Views">
      <UniqueIdentifier>{1ffabccb-ed95-4016-b98d-f85f28daed1b}</UniqueIdentifier>
    </Filter>
    <Filter Include="Engine\Systems">
      <UniqueIdentifier>{5a45ca7e-f494-43e0-9b4f-d6076f265b87}</UniqueIdentifier>
    </Filter>
    <Filter Include="Engine\Systems\Input">
      <UniqueIdentifier>{4adef845-c737-43db-8eea-327631bcfacc}</UniqueIdentifier>
    </Filter>
    <Filter Include="Engine\UI">
      <UniqueIdentifier>{f5610995-ebdb-450e-8d6d-fec8d1a75a7e}</UniqueIdentifier>
    </Filter>
    <Filter Include="Game\Components">
      <UniqueIdentifier>{5f4c567e-2fe0-4725-8e66-508439a72b8a}</UniqueIdentifier>
    </Filter>
    <Filter Include="Game\Actors">
      <UniqueIdentifier>{c4dfbc4e-082c-4279-8a89-2a6f1cafb8ca}</UniqueIdentifier>
    </Filter>
    <Filter Include="Game\Actors\Ship">
      <UniqueIdentifier>{f4cc25f6-158a-4390-b240-b2a06e5d9e5d}</UniqueIdentifier>
    </Filter>
    <Filter Include="Game\Utils">
      <UniqueIdentifier>{df8447ca-e7b2-480b-baf0-53f4718df01e}</UniqueIdentifier>
    </Filter>
    <Filter Include="Engine\Meshes\BasicMeshes">
      <UniqueIdentifier>{9de01ea9-8b16-4531-96c7-12a09fb05199}</UniqueIdentifier>
    </Filter>
  </ItemGroup>
  <ItemGroup>
    <ClCompile Include="Main.cpp" />
    <ClCompile Include="Actor.cpp">
      <Filter>Engine\Components</Filter>
    </ClCompile>
    <ClCompile Include="AnimSpriteComponent.cpp">
      <Filter>Engine\Components</Filter>
    </ClCompile>
    <ClCompile Include="AudioComponent.cpp">
      <Filter>Engine\Components</Filter>
    </ClCompile>
    <ClCompile Include="BackgroundSpriteComponent.cpp">
      <Filter>Engine\Components</Filter>
    </ClCompile>
    <ClCompile Include="CameraComponent.cpp">
      <Filter>Engine\Components</Filter>
    </ClCompile>
    <ClCompile Include="CircleCollisionComponent.cpp">
      <Filter>Engine\Components</Filter>
    </ClCompile>
    <ClCompile Include="Component.cpp">
      <Filter>Engine\Components</Filter>
    </ClCompile>
    <ClCompile Include="FollowCameraComponent.cpp">
      <Filter>Engine\Components</Filter>
    </ClCompile>
    <ClCompile Include="FPSCameraComponent.cpp">
      <Filter>Engine\Components</Filter>
    </ClCompile>
    <ClCompile Include="InputComponent.cpp">
      <Filter>Engine\Components</Filter>
    </ClCompile>
    <ClCompile Include="MeshComponent.cpp">
      <Filter>Engine\Components</Filter>
    </ClCompile>
    <ClCompile Include="MoveComponent.cpp">
      <Filter>Engine\Components</Filter>
    </ClCompile>
    <ClCompile Include="SpriteComponent.cpp">
      <Filter>Engine\Components</Filter>
    </ClCompile>
    <ClCompile Include="Mesh.cpp">
      <Filter>Engine\Graphics</Filter>
    </ClCompile>
    <ClCompile Include="RendererOGL.cpp">
      <Filter>Engine\Graphics</Filter>
    </ClCompile>
    <ClCompile Include="Shader.cpp">
      <Filter>Engine\Graphics</Filter>
    </ClCompile>
    <ClCompile Include="VertexArray.cpp">
      <Filter>Engine\Graphics</Filter>
    </ClCompile>
    <ClCompile Include="Texture.cpp">
      <Filter>Engine\Graphics</Filter>
    </ClCompile>
    <ClCompile Include="Matrix4.cpp">
      <Filter>Engine\Maths</Filter>
    </ClCompile>
    <ClCompile Include="Quaternion.cpp">
      <Filter>Engine\Maths</Filter>
    </ClCompile>
    <ClCompile Include="Random.cpp">
      <Filter>Engine\Maths</Filter>
    </ClCompile>
    <ClCompile Include="Vector2.cpp">
      <Filter>Engine\Maths</Filter>
    </ClCompile>
    <ClCompile Include="Vector3.cpp">
      <Filter>Engine\Maths</Filter>
    </ClCompile>
    <ClCompile Include="Cube.cpp">
      <Filter>Engine\Prefabs\Geometry</Filter>
    </ClCompile>
    <ClCompile Include="Plane.cpp">
      <Filter>Engine\Prefabs\Geometry</Filter>
    </ClCompile>
    <ClCompile Include="Sphere.cpp">
      <Filter>Engine\Prefabs\Geometry</Filter>
    </ClCompile>
    <ClCompile Include="FPSActor.cpp">
      <Filter>Engine\Prefabs\Views</Filter>
    </ClCompile>
    <ClCompile Include="FollowActor.cpp">
      <Filter>Engine\Prefabs\Views</Filter>
    </ClCompile>
    <ClCompile Include="ControllerState.cpp">
      <Filter>Engine\Systems\Input</Filter>
    </ClCompile>
    <ClCompile Include="InputSystem.cpp">
      <Filter>Engine\Systems\Input</Filter>
    </ClCompile>
    <ClCompile Include="KeyboardState.cpp">
      <Filter>Engine\Systems\Input</Filter>
    </ClCompile>
    <ClCompile Include="MouseState.cpp">
      <Filter>Engine\Systems\Input</Filter>
    </ClCompile>
    <ClCompile Include="AudioSystem.cpp">
      <Filter>Engine\Systems</Filter>
    </ClCompile>
    <ClCompile Include="SoundEvent.cpp">
      <Filter>Engine\Systems</Filter>
    </ClCompile>
    <ClCompile Include="Rectangle.cpp">
      <Filter>Engine\Maths</Filter>
    </ClCompile>
    <ClCompile Include="Assets.cpp">
      <Filter>Engine</Filter>
    </ClCompile>
    <ClCompile Include="Timer.cpp">
      <Filter>Engine\Utils</Filter>
    </ClCompile>
    <ClCompile Include="Log.cpp">
      <Filter>Engine\Utils</Filter>
    </ClCompile>
    <ClCompile Include="Window.cpp">
      <Filter>Engine</Filter>
    </ClCompile>
    <ClCompile Include="Game.cpp">
      <Filter>Game</Filter>
    </ClCompile>
    <ClCompile Include="Font.cpp">
      <Filter>Engine\UI</Filter>
    </ClCompile>
    <ClCompile Include="ShipActor.cpp">
      <Filter>Game\Actors\Ship</Filter>
    </ClCompile>
    <ClCompile Include="FlyingComponent.cpp">
      <Filter>Game\Components</Filter>
    </ClCompile>
    <ClCompile Include="FpFlyingCameraComponent.cpp">
      <Filter>Game\Components</Filter>
    </ClCompile>
    <ClCompile Include="SimpleLog.cpp">
      <Filter>Game\Utils</Filter>
    </ClCompile>
  </ItemGroup>
  <ItemGroup>
    <ClInclude Include="Actor.h">
      <Filter>Engine\Components</Filter>
    </ClInclude>
    <ClInclude Include="AnimSpriteComponent.h">
      <Filter>Engine\Components</Filter>
    </ClInclude>
    <ClInclude Include="AudioComponent.h">
      <Filter>Engine\Components</Filter>
    </ClInclude>
    <ClInclude Include="BackgroundSpriteComponent.h">
      <Filter>Engine\Components</Filter>
    </ClInclude>
    <ClInclude Include="CameraComponent.h">
      <Filter>Engine\Components</Filter>
    </ClInclude>
    <ClInclude Include="CircleCollisionComponent.h">
      <Filter>Engine\Components</Filter>
    </ClInclude>
    <ClInclude Include="Component.h">
      <Filter>Engine\Components</Filter>
    </ClInclude>
    <ClInclude Include="FollowCameraComponent.h">
      <Filter>Engine\Components</Filter>
    </ClInclude>
    <ClInclude Include="FPSCameraComponent.h">
      <Filter>Engine\Components</Filter>
    </ClInclude>
    <ClInclude Include="InputComponent.h">
      <Filter>Engine\Components</Filter>
    </ClInclude>
    <ClInclude Include="MeshComponent.h">
      <Filter>Engine\Components</Filter>
    </ClInclude>
    <ClInclude Include="MoveComponent.h">
      <Filter>Engine\Components</Filter>
    </ClInclude>
    <ClInclude Include="SpriteComponent.h">
      <Filter>Engine\Components</Filter>
    </ClInclude>
    <ClInclude Include="DirectionalLight.h">
      <Filter>Engine\Graphics</Filter>
    </ClInclude>
    <ClInclude Include="IRenderer.h">
      <Filter>Engine\Graphics</Filter>
    </ClInclude>
    <ClInclude Include="Mesh.h">
      <Filter>Engine\Graphics</Filter>
    </ClInclude>
    <ClInclude Include="RendererOGL.h">
      <Filter>Engine\Graphics</Filter>
    </ClInclude>
    <ClInclude Include="Shader.h">
      <Filter>Engine\Graphics</Filter>
    </ClInclude>
    <ClInclude Include="VertexArray.h">
      <Filter>Engine\Graphics</Filter>
    </ClInclude>
    <ClInclude Include="Texture.h">
      <Filter>Engine\Graphics</Filter>
    </ClInclude>
    <ClInclude Include="Maths.h">
      <Filter>Engine\Maths</Filter>
    </ClInclude>
    <ClInclude Include="Matrix4.h">
      <Filter>Engine\Maths</Filter>
    </ClInclude>
    <ClInclude Include="Quaternion.h">
      <Filter>Engine\Maths</Filter>
    </ClInclude>
    <ClInclude Include="Random.h">
      <Filter>Engine\Maths</Filter>
    </ClInclude>
    <ClInclude Include="Vector2.h">
      <Filter>Engine\Maths</Filter>
    </ClInclude>
    <ClInclude Include="Vector3.h">
      <Filter>Engine\Maths</Filter>
    </ClInclude>
    <ClInclude Include="Cube.h">
      <Filter>Engine\Prefabs\Geometry</Filter>
    </ClInclude>
    <ClInclude Include="Plane.h">
      <Filter>Engine\Prefabs\Geometry</Filter>
    </ClInclude>
    <ClInclude Include="Sphere.h">
      <Filter>Engine\Prefabs\Geometry</Filter>
    </ClInclude>
    <ClInclude Include="FPSActor.h">
      <Filter>Engine\Prefabs\Views</Filter>
    </ClInclude>
    <ClInclude Include="FollowActor.h">
      <Filter>Engine\Prefabs\Views</Filter>
    </ClInclude>
    <ClInclude Include="ControllerState.h">
      <Filter>Engine\Systems\Input</Filter>
    </ClInclude>
    <ClInclude Include="InputSystem.h">
      <Filter>Engine\Systems\Input</Filter>
    </ClInclude>
    <ClInclude Include="KeyboardState.h">
      <Filter>Engine\Systems\Input</Filter>
    </ClInclude>
    <ClInclude Include="MouseState.h">
      <Filter>Engine\Systems\Input</Filter>
    </ClInclude>
    <ClInclude Include="AudioSystem.h">
      <Filter>Engine\Systems</Filter>
    </ClInclude>
    <ClInclude Include="SoundEvent.h">
      <Filter>Engine\Systems</Filter>
    </ClInclude>
    <ClInclude Include="Rectangle.h">
      <Filter>Engine\Maths</Filter>
    </ClInclude>
    <ClInclude Include="Assets.h">
      <Filter>Engine</Filter>
    </ClInclude>
    <ClInclude Include="Timer.h">
      <Filter>Engine\Utils</Filter>
    </ClInclude>
    <ClInclude Include="Log.h">
      <Filter>Engine\Utils</Filter>
    </ClInclude>
    <ClInclude Include="Window.h">
      <Filter>Engine</Filter>
    </ClInclude>
    <ClInclude Include="Game.h">
      <Filter>Game</Filter>
    </ClInclude>
    <ClInclude Include="Color.h">
      <Filter>Engine\UI</Filter>
    </ClInclude>
    <ClInclude Include="Font.h">
      <Filter>Engine\UI</Filter>
    </ClInclude>
    <ClInclude Include="ShipActor.h">
      <Filter>Game\Actors\Ship</Filter>
    </ClInclude>
    <ClInclude Include="FlyingComponent.h">
      <Filter>Game\Components</Filter>
    </ClInclude>
    <ClInclude Include="Consts.h">
      <Filter>Game\Utils</Filter>
    </ClInclude>
    <ClInclude Include="FpFlyingCameraComponent.h">
      <Filter>Game\Components</Filter>
    </ClInclude>
    <ClInclude Include="SimpleLog.h">
      <Filter>Game\Utils</Filter>
    </ClInclude>
  </ItemGroup>
  <ItemGroup>
    <None Include="Res\Shaders\BasicMesh.frag">
      <Filter>Engine\Shaders</Filter>
    </None>
    <None Include="Res\Shaders\BasicMesh.vert">
      <Filter>Engine\Shaders</Filter>
    </None>
    <None Include="Res\Shaders\Phong.frag">
      <Filter>Engine\Shaders</Filter>
    </None>
    <None Include="Res\Shaders\Phong.vert">
      <Filter>Engine\Shaders</Filter>
    </None>
    <None Include="Res\Shaders\Sprite.frag">
      <Filter>Engine\Shaders</Filter>
    </None>
    <None Include="Res\Shaders\Sprite.vert">
      <Filter>Engine\Shaders</Filter>
    </None>
    <None Include="GameRes\Meshes\RacingCar.gpmesh">
      <Filter>Engine\Meshes</Filter>
    </None>
    <None Include="GameRes\Meshes\Rifle.gpmesh">
      <Filter>Engine\Meshes</Filter>
    </None>
    <None Include="GameRes\Meshes\BasicMeshes\Cube.gpmesh">
      <Filter>Engine\Meshes\BasicMeshes</Filter>
    </None>
    <None Include="GameRes\Meshes\BasicMeshes\Plane.gpmesh">
      <Filter>Engine\Meshes\BasicMeshes</Filter>
    </None>
    <None Include="GameRes\Meshes\BasicMeshes\Sphere.gpmesh">
      <Filter>Engine\Meshes\BasicMeshes</Filter>
    </None>
  </ItemGroup>
</Project>